# This file is automatically @generated by Cargo.
# It is not intended for manual editing.
version = 4

[[package]]
name = "cc"
version = "1.6.0"
source = "registry+https://github.com/rust-lang/crates.io-index"
checksum = "f74872d07caf508b30a21f6836e7d7016a2eaf7d9ff4f48deaa58cd8a0407630"
dependencies = [
 "find-msvc-tools",
 "shlex",
]

[[package]]
name = "cmake"
version = "0.1.58"
source = "registry+https://github.com/rust-lang/crates.io-index"
checksum = "c0f78a02292a74a88ac736019ab962ece0bc380e3f977bf72e376c5d78ff0678"
dependencies = [
 "cc",
]

[[package]]
name = "find-msvc-tools"
version = "0.1.14"
source = "registry+https://github.com/rust-lang/crates.io-index"
checksum = "aedcfb3409746eddb02b9e19ebda1c3394f759a152e48ee875a0844d1b955484"

[[package]]
name = "forma"
version = "0.0.1"
dependencies = [
 "forma-engine",
 "forma-ui",
]

[[package]]
name = "forma-cli"
version = "0.0.1"
dependencies = [
 "forma-doc",
 "forma-engine",
 "forma-io-3dm",
]

[[package]]
name = "forma-doc"
version = "0.0.1"
dependencies = [
 "forma-geom",
]

[[package]]
name = "forma-engine"
version = "0.0.1"
dependencies = [
 "forma-doc",
 "forma-geom",
]

[[package]]
name = "forma-geom"
version = "0.0.1"

[[package]]
name = "forma-io-3dm"
version = "0.0.1"
dependencies = [
 "cc",
 "cmake",
 "forma-doc",
 "forma-geom",
]

[[package]]
name = "forma-io-mesh"
version = "0.0.1"
dependencies = [
 "forma-doc",
 "forma-geom",
]

[[package]]
name = "forma-mcp"
version = "0.0.1"
dependencies = [
 "forma-engine",
]

[[package]]
name = "forma-render"
version = "0.0.1"
dependencies = [
 "forma-doc",
 "forma-geom",
]

[[package]]
name = "forma-ui"
version = "0.0.1"
dependencies = [
 "forma-engine",
]

[[package]]
name = "shlex"
version = "2.0.1"
source = "registry+https://github.com/rust-lang/crates.io-index"
checksum = "f8fadd59c855ef2080decdef8ff161eb6661b86933c9d82e5ba29dc602a55aba"

[[package]]
name = "xtask"
version = "0.0.1"
