# This file is automatically @generated by Cargo.
# It is not intended for manual editing.
version = 4

[[package]]
name = "forma"
version = "0.0.1"
dependencies = [
 "forma-engine",
 "forma-ui",
]

[[package]]
name = "forma-cli"
version = "0.0.1"
dependencies = [
 "forma-doc",
 "forma-engine",
]

[[package]]
name = "forma-doc"
version = "0.0.1"
dependencies = [
 "forma-geom",
]

[[package]]
name = "forma-engine"
version = "0.0.1"
dependencies = [
 "forma-doc",
 "forma-geom",
]

[[package]]
name = "forma-geom"
version = "0.0.1"

[[package]]
name = "forma-io-3dm"
version = "0.0.1"
dependencies = [
 "forma-doc",
 "forma-geom",
]

[[package]]
name = "forma-io-mesh"
version = "0.0.1"
dependencies = [
 "forma-doc",
 "forma-geom",
]

[[package]]
name = "forma-mcp"
version = "0.0.1"
dependencies = [
 "forma-engine",
]

[[package]]
name = "forma-render"
version = "0.0.1"
dependencies = [
 "forma-doc",
 "forma-geom",
]

[[package]]
name = "forma-ui"
version = "0.0.1"
dependencies = [
 "forma-engine",
]

[[package]]
name = "xtask"
version = "0.0.1"
